
Microsoft Visual Studio Solution File, Format Version 11.00
# Visual Studio 2010
Project("{FAE04EC0-301F-11D3-BF4B-00C04F79EFBC}") = "FizzBuzz.SideBySide", "FizzBuzz.SideBySide\FizzBuzz.SideBySide.csproj", "{0D20088C-B0B2-4FF3-A23D-B5D528B43073}"
EndProject
Global
	GlobalSection(SolutionConfigurationPlatforms) = preSolution
		Debug|Any CPU = Debug|Any CPU
		Release|Any CPU = Release|Any CPU
	EndGlobalSection
	GlobalSection(ProjectConfigurationPlatforms) = postSolution
		{0D20088C-B0B2-4FF3-A23D-B5D528B43073}.Debug|Any CPU.ActiveCfg = Debug|Any CPU
		{0D20088C-B0B2-4FF3-A23D-B5D528B43073}.Debug|Any CPU.Build.0 = Debug|Any CPU
		{0D20088C-B0B2-4FF3-A23D-B5D528B43073}.Release|Any CPU.ActiveCfg = Release|Any CPU
		{0D20088C-B0B2-4FF3-A23D-B5D528B43073}.Release|Any CPU.Build.0 = Release|Any CPU
	EndGlobalSection
	GlobalSection(SolutionProperties) = preSolution
		HideSolutionNode = FALSE
	EndGlobalSection
EndGlobal
